{
    "name": "web-helper",
    "version": "1.0.0",
    "lockfileVersion": 1,
    "requires": true,
    "dependencies": {
        "@types/mkdirp": {
            "version": "1.0.1",
            "resolved": "https://registry.npmjs.org/@types/mkdirp/-/mkdirp-1.0.1.tgz",
            "integrity": "sha512-HkGSK7CGAXncr8Qn/0VqNtExEE+PHMWb+qlR1faHMao7ng6P3tAaoWWBMdva0gL5h4zprjIO89GJOLXsMcDm1Q==",
            "requires": {
                "@types/node": "*"
            }
        },
        "@types/node": {
            "version": "14.14.14",
            "resolved": "https://registry.npmjs.org/@types/node/-/node-14.14.14.tgz",
            "integrity": "sha512-UHnOPWVWV1z+VV8k6L1HhG7UbGBgIdghqF3l9Ny9ApPghbjICXkUJSd/b9gOgQfjM1r+37cipdw/HJ3F6ICEnQ=="
        },
        "@types/pixelmatch": {
            "version": "5.2.2",
            "resolved": "https://registry.npmjs.org/@types/pixelmatch/-/pixelmatch-5.2.2.tgz",
            "integrity": "sha512-ndpfW/H8+SAiI3wt+f8DlHGgB7OeBdgFgBJ6v/1l3SpJ0MCn9wtXFb4mUccMujN5S4DMmAh7MVy1O3WcXrHUKw==",
            "requires": {
                "@types/node": "*"
            }
        },
        "@types/pngjs": {
            "version": "3.4.2",
            "resolved": "https://registry.npmjs.org/@types/pngjs/-/pngjs-3.4.2.tgz",
            "integrity": "sha512-LJVPDraJ5YFEnMHnzxTN4psdWz1M61MtaAAWPn3qnDk5fvs7BAmmQ9pd3KPlrdrvozMyne4ktanD4pg0L7x1Pw==",
            "requires": {
                "@types/node": "*"
            }
        },
        "decode-tiff": {
            "version": "0.2.1",
            "resolved": "https://registry.npmjs.org/decode-tiff/-/decode-tiff-0.2.1.tgz",
            "integrity": "sha512-v/7hQBv/DrOVQ+Eljg0BLMRbXZYuuw3YZ8duZuFxYpo6qUkdn7oFRkN95RZKbnh08EHNjrMXMbEUNhTLuhPvvA=="
        },
        "img-diff-js": {
            "version": "0.5.0",
            "resolved": "https://registry.npmjs.org/img-diff-js/-/img-diff-js-0.5.0.tgz",
            "integrity": "sha512-oaM2kASTy24CCRCc29H7eTAbiDMjTSaP7bcojTjCTMpJcoh5dhtQ+QtLY7xbXgzwQJp/wQAW8rHSCZmijbAvZQ==",
            "requires": {
                "@types/mkdirp": "^1.0.1",
                "@types/node": "^14.11.2",
                "@types/pixelmatch": "^5.2.2",
                "@types/pngjs": "^3.4.2",
                "decode-tiff": "^0.2.0",
                "jpeg-js": "^0.4.2",
                "mkdirp": "^1.0.4",
                "pixelmatch": "^5.2.1",
                "pngjs": "^5.0.0"
            }
        },
        "jpeg-js": {
            "version": "0.4.2",
            "resolved": "https://registry.npmjs.org/jpeg-js/-/jpeg-js-0.4.2.tgz",
            "integrity": "sha512-+az2gi/hvex7eLTMTlbRLOhH6P6WFdk2ITI8HJsaH2VqYO0I594zXSYEP+tf4FW+8Cy68ScDXoAsQdyQanv3sw=="
        },
        "mkdirp": {
            "version": "1.0.4",
            "resolved": "https://registry.npmjs.org/mkdirp/-/mkdirp-1.0.4.tgz",
            "integrity": "sha512-vVqVZQyf3WLx2Shd0qJ9xuvqgAyKPLAiqITEtqW0oIUjzo3PePDd6fW9iFz30ef7Ysp/oiWqbhszeGWW2T6Gzw=="
        },
        "pixelmatch": {
            "version": "5.2.1",
            "resolved": "https://registry.npmjs.org/pixelmatch/-/pixelmatch-5.2.1.tgz",
            "integrity": "sha512-WjcAdYSnKrrdDdqTcVEY7aB7UhhwjYQKYhHiBXdJef0MOaQeYpUdQ+iVyBLa5YBKS8MPVPPMX7rpOByISLpeEQ==",
            "requires": {
                "pngjs": "^4.0.1"
            },
            "dependencies": {
                "pngjs": {
                    "version": "4.0.1",
                    "resolved": "https://registry.npmjs.org/pngjs/-/pngjs-4.0.1.tgz",
                    "integrity": "sha512-rf5+2/ioHeQxR6IxuYNYGFytUyG3lma/WW1nsmjeHlWwtb2aByla6dkVc8pmJ9nplzkTA0q2xx7mMWrOTqT4Gg=="
                }
            }
        },
        "pngjs": {
            "version": "5.0.0",
            "resolved": "https://registry.npmjs.org/pngjs/-/pngjs-5.0.0.tgz",
            "integrity": "sha512-40QW5YalBNfQo5yRYmiw7Yz6TKKVr3h6970B2YE+3fQpsWcrbj1PzJgxeJ19DRQjhMbKPIuMY8rFaXc8moolVw=="
        }
    }
}
